
Microsoft Visual Studio Solution File, Format Version 12.00
# Visual Studio Version 17
VisualStudioVersion = 17.0.31903.59
MinimumVisualStudioVersion = 10.0.40219.1
Project("{9A19103F-16F7-4668-BE54-9A1E7A4F7556}") = "CompanyAuth.Api", "CompanyAuth.Api\CompanyAuth.Api.csproj", "{068ABA72-68BF-4427-8CDA-B87AB1F9DF03}"
EndProject
Project("{9A19103F-16F7-4668-BE54-9A1E7A4F7556}") = "CompanyAuth.Application", "CompanyAuth.Application\CompanyAuth.Application.csproj", "{9BAFA7E4-B9D7-40A7-A153-C5EEFA8184B2}"
EndProject
Project("{9A19103F-16F7-4668-BE54-9A1E7A4F7556}") = "CompanyAuth.Domain", "CompanyAuth.Domain\CompanyAuth.Domain.csproj", "{8F0B9F1D-DE13-472C-88F1-F1224476D3AF}"
EndProject
Project("{9A19103F-16F7-4668-BE54-9A1E7A4F7556}") = "CompanyAuth.Infrastructure", "CompanyAuth.Infrastructure\CompanyAuth.Infrastructure.csproj", "{EC0A9F65-9635-4A1E-8BAC-AA49BBA35E4F}"
EndProject
Global
	GlobalSection(SolutionConfigurationPlatforms) = preSolution
		Debug|Any CPU = Debug|Any CPU
		Release|Any CPU = Release|Any CPU
	EndGlobalSection
	GlobalSection(ProjectConfigurationPlatforms) = postSolution
		{068ABA72-68BF-4427-8CDA-B87AB1F9DF03}.Debug|Any CPU.ActiveCfg = Debug|Any CPU
		{068ABA72-68BF-4427-8CDA-B87AB1F9DF03}.Debug|Any CPU.Build.0 = Debug|Any CPU
		{068ABA72-68BF-4427-8CDA-B87AB1F9DF03}.Release|Any CPU.ActiveCfg = Release|Any CPU
		{068ABA72-68BF-4427-8CDA-B87AB1F9DF03}.Release|Any CPU.Build.0 = Release|Any CPU
		{9BAFA7E4-B9D7-40A7-A153-C5EEFA8184B2}.Debug|Any CPU.ActiveCfg = Debug|Any CPU
		{9BAFA7E4-B9D7-40A7-A153-C5EEFA8184B2}.Debug|Any CPU.Build.0 = Debug|Any CPU
		{9BAFA7E4-B9D7-40A7-A153-C5EEFA8184B2}.Release|Any CPU.ActiveCfg = Release|Any CPU
		{9BAFA7E4-B9D7-40A7-A153-C5EEFA8184B2}.Release|Any CPU.Build.0 = Release|Any CPU
		{8F0B9F1D-DE13-472C-88F1-F1224476D3AF}.Debug|Any CPU.ActiveCfg = Debug|Any CPU
		{8F0B9F1D-DE13-472C-88F1-F1224476D3AF}.Debug|Any CPU.Build.0 = Debug|Any CPU
		{8F0B9F1D-DE13-472C-88F1-F1224476D3AF}.Release|Any CPU.ActiveCfg = Release|Any CPU
		{8F0B9F1D-DE13-472C-88F1-F1224476D3AF}.Release|Any CPU.Build.0 = Release|Any CPU
		{EC0A9F65-9635-4A1E-8BAC-AA49BBA35E4F}.Debug|Any CPU.ActiveCfg = Debug|Any CPU
		{EC0A9F65-9635-4A1E-8BAC-AA49BBA35E4F}.Debug|Any CPU.Build.0 = Debug|Any CPU
		{EC0A9F65-9635-4A1E-8BAC-AA49BBA35E4F}.Release|Any CPU.ActiveCfg = Release|Any CPU
		{EC0A9F65-9635-4A1E-8BAC-AA49BBA35E4F}.Release|Any CPU.Build.0 = Release|Any CPU
	EndGlobalSection
	GlobalSection(SolutionProperties) = preSolution
		HideSolutionNode = FALSE
	EndGlobalSection
EndGlobal
